
Microsoft Visual Studio Solution File, Format Version 12.00
# Visual Studio Version 17
VisualStudioVersion = 17.8.34525.116
MinimumVisualStudioVersion = 10.0.40219.1
Project("{FAE04EC0-301F-11D3-BF4B-00C04F79EFBC}") = "DataAccess", "DataAccess\DataAccess.csproj", "{A8578E09-4996-4CC3-B239-88B78C0357F9}"
EndProject
Project("{FAE04EC0-301F-11D3-BF4B-00C04F79EFBC}") = "Entities", "Entities\Entities.csproj", "{03B5E301-2736-40D2-8251-F92EDB7D306A}"
EndProject
Project("{FAE04EC0-301F-11D3-BF4B-00C04F79EFBC}") = "Business", "Business\Business.csproj", "{DAE1A79A-9DE4-4CD0-BF27-D54C6F64D80A}"
EndProject
Global
	GlobalSection(SolutionConfigurationPlatforms) = preSolution
		Debug|Any CPU = Debug|Any CPU
		Release|Any CPU = Release|Any CPU
	EndGlobalSection
	GlobalSection(ProjectConfigurationPlatforms) = postSolution
		{A8578E09-4996-4CC3-B239-88B78C0357F9}.Debug|Any CPU.ActiveCfg = Debug|Any CPU
		{A8578E09-4996-4CC3-B239-88B78C0357F9}.Debug|Any CPU.Build.0 = Debug|Any CPU
		{A8578E09-4996-4CC3-B239-88B78C0357F9}.Release|Any CPU.ActiveCfg = Release|Any CPU
		{A8578E09-4996-4CC3-B239-88B78C0357F9}.Release|Any CPU.Build.0 = Release|Any CPU
		{03B5E301-2736-40D2-8251-F92EDB7D306A}.Debug|Any CPU.ActiveCfg = Debug|Any CPU
		{03B5E301-2736-40D2-8251-F92EDB7D306A}.Debug|Any CPU.Build.0 = Debug|Any CPU
		{03B5E301-2736-40D2-8251-F92EDB7D306A}.Release|Any CPU.ActiveCfg = Release|Any CPU
		{03B5E301-2736-40D2-8251-F92EDB7D306A}.Release|Any CPU.Build.0 = Release|Any CPU
		{DAE1A79A-9DE4-4CD0-BF27-D54C6F64D80A}.Debug|Any CPU.ActiveCfg = Debug|Any CPU
		{DAE1A79A-9DE4-4CD0-BF27-D54C6F64D80A}.Debug|Any CPU.Build.0 = Debug|Any CPU
		{DAE1A79A-9DE4-4CD0-BF27-D54C6F64D80A}.Release|Any CPU.ActiveCfg = Release|Any CPU
		{DAE1A79A-9DE4-4CD0-BF27-D54C6F64D80A}.Release|Any CPU.Build.0 = Release|Any CPU
	EndGlobalSection
	GlobalSection(SolutionProperties) = preSolution
		HideSolutionNode = FALSE
	EndGlobalSection
	GlobalSection(ExtensibilityGlobals) = postSolution
		SolutionGuid = {97552F37-D948-459B-AA1C-DEB43CC155AD}
	EndGlobalSection
EndGlobal
